// !$*UTF8*$!
{
	archiveVersion = 1;
	classes = {
	};
	objectVersion = 55;
	objects = {

/* Begin PBXBuildFile section */
		2C687B1E282CE9F600044CA6 /* CreateContactInteractorTests.swift in Sources */ = {isa = PBXBuildFile; fileRef = 2C687B1D282CE9F600044CA6 /* CreateContactInteractorTests.swift */; };
		2C687B20282CEB9100044CA6 /* EditContactInteractorTests.swift in Sources */ = {isa = PBXBuildFile; fileRef = 2C687B1F282CEB9100044CA6 /* EditContactInteractorTests.swift */; };
		2C687B23282CF9D600044CA6 /* HomeRouterTests.swift in Sources */ = {isa = PBXBuildFile; fileRef = 2C687B22282CF9D600044CA6 /* HomeRouterTests.swift */; };
		2C687B26282CFB3900044CA6 /* EditContactRouterTests.swift in Sources */ = {isa = PBXBuildFile; fileRef = 2C687B25282CFB3900044CA6 /* EditContactRouterTests.swift */; };
		2C687B29282CFC7700044CA6 /* ContactDetailRouterTests.swift in Sources */ = {isa = PBXBuildFile; fileRef = 2C687B28282CFC7700044CA6 /* ContactDetailRouterTests.swift */; };
		2C687B2C282CFF1C00044CA6 /* ContactDetailPresenterTests.swift in Sources */ = {isa = PBXBuildFile; fileRef = 2C687B2B282CFF1C00044CA6 /* ContactDetailPresenterTests.swift */; };
		2C687B2E282D00CF00044CA6 /* HomePresenterTests.swift in Sources */ = {isa = PBXBuildFile; fileRef = 2C687B2D282D00CF00044CA6 /* HomePresenterTests.swift */; };
		2C687B30282D02CC00044CA6 /* CreateContactPresenterTests.swift in Sources */ = {isa = PBXBuildFile; fileRef = 2C687B2F282D02CC00044CA6 /* CreateContactPresenterTests.swift */; };
		2C687B32282D08B800044CA6 /* EditContractPresenterTests.swift in Sources */ = {isa = PBXBuildFile; fileRef = 2C687B31282D08B800044CA6 /* EditContractPresenterTests.swift */; };
		2C687B34282D121B00044CA6 /* HomeViewTests.swift in Sources */ = {isa = PBXBuildFile; fileRef = 2C687B33282D121B00044CA6 /* HomeViewTests.swift */; };
		2C687B36282D140C00044CA6 /* EditContactViewTests.swift in Sources */ = {isa = PBXBuildFile; fileRef = 2C687B35282D140C00044CA6 /* EditContactViewTests.swift */; };
		2C687B38282D182400044CA6 /* ContactDetailViewTests.swift in Sources */ = {isa = PBXBuildFile; fileRef = 2C687B37282D182400044CA6 /* ContactDetailViewTests.swift */; };
		2C687B3A282D192B00044CA6 /* CreateContactViewTests.swift in Sources */ = {isa = PBXBuildFile; fileRef = 2C687B39282D192B00044CA6 /* CreateContactViewTests.swift */; };
		2C6A2E13282BFE0300216088 /* CreateResponse.swift in Sources */ = {isa = PBXBuildFile; fileRef = 2C6A2E12282BFE0300216088 /* CreateResponse.swift */; };
		2C6A2E22282C172000216088 /* ContactsRepositoryTests.swift in Sources */ = {isa = PBXBuildFile; fileRef = 2C6A2E21282C172000216088 /* ContactsRepositoryTests.swift */; };
		2C6A2E24282C188000216088 /* HomeInteractorTests.swift in Sources */ = {isa = PBXBuildFile; fileRef = 2C6A2E23282C188000216088 /* HomeInteractorTests.swift */; };
		2CA9583C282B6A2D001F109D /* AppDelegate.swift in Sources */ = {isa = PBXBuildFile; fileRef = 2CA9583B282B6A2D001F109D /* AppDelegate.swift */; };
		2CA9583E282B6A2D001F109D /* SceneDelegate.swift in Sources */ = {isa = PBXBuildFile; fileRef = 2CA9583D282B6A2D001F109D /* SceneDelegate.swift */; };
		2CA95840282B6A2D001F109D /* ViewController.swift in Sources */ = {isa = PBXBuildFile; fileRef = 2CA9583F282B6A2D001F109D /* ViewController.swift */; };
		2CA95843282B6A2D001F109D /* Main.storyboard in Resources */ = {isa = PBXBuildFile; fileRef = 2CA95841282B6A2D001F109D /* Main.storyboard */; };
		2CA95846282B6A2D001F109D /* ContactsApp.xcdatamodeld in Sources */ = {isa = PBXBuildFile; fileRef = 2CA95844282B6A2D001F109D /* ContactsApp.xcdatamodeld */; };
		2CA95848282B6A2F001F109D /* Assets.xcassets in Resources */ = {isa = PBXBuildFile; fileRef = 2CA95847282B6A2F001F109D /* Assets.xcassets */; };
		2CA9584B282B6A2F001F109D /* LaunchScreen.storyboard in Resources */ = {isa = PBXBuildFile; fileRef = 2CA95849282B6A2F001F109D /* LaunchScreen.storyboard */; };
		2CA95856282B6A30001F109D /* ContactsAppTests.swift in Sources */ = {isa = PBXBuildFile; fileRef = 2CA95855282B6A30001F109D /* ContactsAppTests.swift */; };
		2CA95860282B6A30001F109D /* ContactsAppUITests.swift in Sources */ = {isa = PBXBuildFile; fileRef = 2CA9585F282B6A30001F109D /* ContactsAppUITests.swift */; };
		2CA95862282B6A30001F109D /* ContactsAppUITestsLaunchTests.swift in Sources */ = {isa = PBXBuildFile; fileRef = 2CA95861282B6A30001F109D /* ContactsAppUITestsLaunchTests.swift */; };
		2CA95877282B6B61001F109D /* NetworkManager.swift in Sources */ = {isa = PBXBuildFile; fileRef = 2CA95876282B6B61001F109D /* NetworkManager.swift */; };
		2CA95879282B6BB0001F109D /* NetworkService.swift in Sources */ = {isa = PBXBuildFile; fileRef = 2CA95878282B6BB0001F109D /* NetworkService.swift */; };
		2CA9587B282B6C46001F109D /* InternetConnectionManager.swift in Sources */ = {isa = PBXBuildFile; fileRef = 2CA9587A282B6C46001F109D /* InternetConnectionManager.swift */; };
		2CA95885282B6E04001F109D /* HomeInteractor.swift in Sources */ = {isa = PBXBuildFile; fileRef = 2CA95880282B6E04001F109D /* HomeInteractor.swift */; };
		2CA95886282B6E04001F109D /* HomeView.swift in Sources */ = {isa = PBXBuildFile; fileRef = 2CA95881282B6E04001F109D /* HomeView.swift */; };
		2CA95887282B6E04001F109D /* HomePresenter.swift in Sources */ = {isa = PBXBuildFile; fileRef = 2CA95882282B6E04001F109D /* HomePresenter.swift */; };
		2CA95888282B6E04001F109D /* HomeModule.swift in Sources */ = {isa = PBXBuildFile; fileRef = 2CA95883282B6E04001F109D /* HomeModule.swift */; };
		2CA958A1282B6E93001F109D /* ContactDetailView.swift in Sources */ = {isa = PBXBuildFile; fileRef = 2CA95896282B6E93001F109D /* ContactDetailView.swift */; };
		2CA958A2282B6E93001F109D /* ContactDetailPresenter.swift in Sources */ = {isa = PBXBuildFile; fileRef = 2CA95897282B6E93001F109D /* ContactDetailPresenter.swift */; };
		2CA958A3282B6E93001F109D /* ContactDetailInteractor.swift in Sources */ = {isa = PBXBuildFile; fileRef = 2CA95898282B6E93001F109D /* ContactDetailInteractor.swift */; };
		2CA958A4282B6E93001F109D /* ContactDetailModule.swift in Sources */ = {isa = PBXBuildFile; fileRef = 2CA95899282B6E93001F109D /* ContactDetailModule.swift */; };
		2CA958A6282B6E93001F109D /* EditContactInteractor.swift in Sources */ = {isa = PBXBuildFile; fileRef = 2CA9589C282B6E93001F109D /* EditContactInteractor.swift */; };
		2CA958A7282B6E93001F109D /* EditContactView.swift in Sources */ = {isa = PBXBuildFile; fileRef = 2CA9589D282B6E93001F109D /* EditContactView.swift */; };
		2CA958A8282B6E93001F109D /* EditContactPresenter.swift in Sources */ = {isa = PBXBuildFile; fileRef = 2CA9589E282B6E93001F109D /* EditContactPresenter.swift */; };
		2CA958A9282B6E93001F109D /* EditContactModule.swift in Sources */ = {isa = PBXBuildFile; fileRef = 2CA9589F282B6E93001F109D /* EditContactModule.swift */; };
		2CA958AB282B6ECA001F109D /* ContactDetailRouter.swift in Sources */ = {isa = PBXBuildFile; fileRef = 2CA958AA282B6ECA001F109D /* ContactDetailRouter.swift */; };
		2CA958AD282B6ED9001F109D /* EditContactRouter.swift in Sources */ = {isa = PBXBuildFile; fileRef = 2CA958AC282B6ED9001F109D /* EditContactRouter.swift */; };
		2CA958AF282B6EE4001F109D /* HomeRouter.swift in Sources */ = {isa = PBXBuildFile; fileRef = 2CA958AE282B6EE4001F109D /* HomeRouter.swift */; };
		2CA958B1282B7420001F109D /* ContactsList.swift in Sources */ = {isa = PBXBuildFile; fileRef = 2CA958B0282B7420001F109D /* ContactsList.swift */; };
		2CA958B3282B75C0001F109D /* BaseProtocol.swift in Sources */ = {isa = PBXBuildFile; fileRef = 2CA958B2282B75C0001F109D /* BaseProtocol.swift */; };
		2CA958B7282B7994001F109D /* HomeCell.swift in Sources */ = {isa = PBXBuildFile; fileRef = 2CA958B6282B7994001F109D /* HomeCell.swift */; };
		2CA958B9282B9F4A001F109D /* UpdateResponse.swift in Sources */ = {isa = PBXBuildFile; fileRef = 2CA958B8282B9F4A001F109D /* UpdateResponse.swift */; };
		2CA958C0282BAA82001F109D /* CreateContactModule.swift in Sources */ = {isa = PBXBuildFile; fileRef = 2CA958BB282BAA82001F109D /* CreateContactModule.swift */; };
		2CA958C2282BAA82001F109D /* CreateContactView.swift in Sources */ = {isa = PBXBuildFile; fileRef = 2CA958BD282BAA82001F109D /* CreateContactView.swift */; };
		2CA958C3282BAA82001F109D /* CreateContactPresenter.swift in Sources */ = {isa = PBXBuildFile; fileRef = 2CA958BE282BAA82001F109D /* CreateContactPresenter.swift */; };
		2CA958C4282BAA82001F109D /* CreateContactInteractor.swift in Sources */ = {isa = PBXBuildFile; fileRef = 2CA958BF282BAA82001F109D /* CreateContactInteractor.swift */; };
		2CA958C6282BAACC001F109D /* CreateContactRouter.swift in Sources */ = {isa = PBXBuildFile; fileRef = 2CA958C5282BAACC001F109D /* CreateContactRouter.swift */; };
		2CA958CC282BAE93001F109D /* ContactsRepository.swift in Sources */ = {isa = PBXBuildFile; fileRef = 2CA958CB282BAE93001F109D /* ContactsRepository.swift */; };
		2CDD7696282BB80100374691 /* Contacts+CoreDataClass.swift in Sources */ = {isa = PBXBuildFile; fileRef = 2CDD7694282BB80100374691 /* Contacts+CoreDataClass.swift */; };
		2CDD7697282BB80100374691 /* Contacts+CoreDataProperties.swift in Sources */ = {isa = PBXBuildFile; fileRef = 2CDD7695282BB80100374691 /* Contacts+CoreDataProperties.swift */; };
		2CDD7699282BCC7B00374691 /* HomeCell.xib in Resources */ = {isa = PBXBuildFile; fileRef = 2CDD7698282BCC7B00374691 /* HomeCell.xib */; };
		847439F56BBDD29D292A2A05 /* Pods_ContactsAppTests.framework in Frameworks */ = {isa = PBXBuildFile; fileRef = A07F55A68568B827F5438EA9 /* Pods_ContactsAppTests.framework */; };
		C755257ADA9162E25A3B53A5 /* Pods_ContactsApp.framework in Frameworks */ = {isa = PBXBuildFile; fileRef = 4097692FFA188E0A78F0FF39 /* Pods_ContactsApp.framework */; };
		C8BDB88C0C0AE0EC00BD7DD6 /* Pods_ContactsApp_ContactsAppUITests.framework in Frameworks */ = {isa = PBXBuildFile; fileRef = 8091224A096E75DAE085A493 /* Pods_ContactsApp_ContactsAppUITests.framework */; };
/* End PBXBuildFile section */

/* Begin PBXContainerItemProxy section */
		2CA95852282B6A30001F109D /* PBXContainerItemProxy */ = {
			isa = PBXContainerItemProxy;
			containerPortal = 2CA95830282B6A2D001F109D /* Project object */;
			proxyType = 1;
			remoteGlobalIDString = 2CA95837282B6A2D001F109D;
			remoteInfo = ContactsApp;
		};
		2CA9585C282B6A30001F109D /* PBXContainerItemProxy */ = {
			isa = PBXContainerItemProxy;
			containerPortal = 2CA95830282B6A2D001F109D /* Project object */;
			proxyType = 1;
			remoteGlobalIDString = 2CA95837282B6A2D001F109D;
			remoteInfo = ContactsApp;
		};
/* End PBXContainerItemProxy section */

/* Begin PBXFileReference section */
		2C687B1D282CE9F600044CA6 /* CreateContactInteractorTests.swift */ = {isa = PBXFileReference; lastKnownFileType = sourcecode.swift; path = CreateContactInteractorTests.swift; sourceTree = "<group>"; };
		2C687B1F282CEB9100044CA6 /* EditContactInteractorTests.swift */ = {isa = PBXFileReference; lastKnownFileType = sourcecode.swift; path = EditContactInteractorTests.swift; sourceTree = "<group>"; };
		2C687B22282CF9D600044CA6 /* HomeRouterTests.swift */ = {isa = PBXFileReference; lastKnownFileType = sourcecode.swift; path = HomeRouterTests.swift; sourceTree = "<group>"; };
		2C687B25282CFB3900044CA6 /* EditContactRouterTests.swift */ = {isa = PBXFileReference; lastKnownFileType = sourcecode.swift; path = EditContactRouterTests.swift; sourceTree = "<group>"; };
		2C687B28282CFC7700044CA6 /* ContactDetailRouterTests.swift */ = {isa = PBXFileReference; lastKnownFileType = sourcecode.swift; path = ContactDetailRouterTests.swift; sourceTree = "<group>"; };
		2C687B2B282CFF1C00044CA6 /* ContactDetailPresenterTests.swift */ = {isa = PBXFileReference; lastKnownFileType = sourcecode.swift; path = ContactDetailPresenterTests.swift; sourceTree = "<group>"; };
		2C687B2D282D00CF00044CA6 /* HomePresenterTests.swift */ = {isa = PBXFileReference; lastKnownFileType = sourcecode.swift; path = HomePresenterTests.swift; sourceTree = "<group>"; };
		2C687B2F282D02CC00044CA6 /* CreateContactPresenterTests.swift */ = {isa = PBXFileReference; lastKnownFileType = sourcecode.swift; path = CreateContactPresenterTests.swift; sourceTree = "<group>"; };
		2C687B31282D08B800044CA6 /* EditContractPresenterTests.swift */ = {isa = PBXFileReference; lastKnownFileType = sourcecode.swift; path = EditContractPresenterTests.swift; sourceTree = "<group>"; };
		2C687B33282D121B00044CA6 /* HomeViewTests.swift */ = {isa = PBXFileReference; lastKnownFileType = sourcecode.swift; path = HomeViewTests.swift; sourceTree = "<group>"; };
		2C687B35282D140C00044CA6 /* EditContactViewTests.swift */ = {isa = PBXFileReference; lastKnownFileType = sourcecode.swift; path = EditContactViewTests.swift; sourceTree = "<group>"; };
		2C687B37282D182400044CA6 /* ContactDetailViewTests.swift */ = {isa = PBXFileReference; lastKnownFileType = sourcecode.swift; path = ContactDetailViewTests.swift; sourceTree = "<group>"; };
		2C687B39282D192B00044CA6 /* CreateContactViewTests.swift */ = {isa = PBXFileReference; lastKnownFileType = sourcecode.swift; path = CreateContactViewTests.swift; sourceTree = "<group>"; };
		2C6A2E12282BFE0300216088 /* CreateResponse.swift */ = {isa = PBXFileReference; lastKnownFileType = sourcecode.swift; path = CreateResponse.swift; sourceTree = "<group>"; };
		2C6A2E21282C172000216088 /* ContactsRepositoryTests.swift */ = {isa = PBXFileReference; lastKnownFileType = sourcecode.swift; path = ContactsRepositoryTests.swift; sourceTree = "<group>"; };
		2C6A2E23282C188000216088 /* HomeInteractorTests.swift */ = {isa = PBXFileReference; lastKnownFileType = sourcecode.swift; path = HomeInteractorTests.swift; sourceTree = "<group>"; };
		2CA95838282B6A2D001F109D /* ContactsApp.app */ = {isa = PBXFileReference; explicitFileType = wrapper.application; includeInIndex = 0; path = ContactsApp.app; sourceTree = BUILT_PRODUCTS_DIR; };
		2CA9583B282B6A2D001F109D /* AppDelegate.swift */ = {isa = PBXFileReference; lastKnownFileType = sourcecode.swift; path = AppDelegate.swift; sourceTree = "<group>"; };
		2CA9583D282B6A2D001F109D /* SceneDelegate.swift */ = {isa = PBXFileReference; lastKnownFileType = sourcecode.swift; path = SceneDelegate.swift; sourceTree = "<group>"; };
		2CA9583F282B6A2D001F109D /* ViewController.swift */ = {isa = PBXFileReference; lastKnownFileType = sourcecode.swift; path = ViewController.swift; sourceTree = "<group>"; };
		2CA95842282B6A2D001F109D /* Base */ = {isa = PBXFileReference; lastKnownFileType = file.storyboard; name = Base; path = Base.lproj/Main.storyboard; sourceTree = "<group>"; };
		2CA95845282B6A2D001F109D /* ContactsApp.xcdatamodel */ = {isa = PBXFileReference; lastKnownFileType = wrapper.xcdatamodel; path = ContactsApp.xcdatamodel; sourceTree = "<group>"; };
		2CA95847282B6A2F001F109D /* Assets.xcassets */ = {isa = PBXFileReference; lastKnownFileType = folder.assetcatalog; path = Assets.xcassets; sourceTree = "<group>"; };
		2CA9584A282B6A2F001F109D /* Base */ = {isa = PBXFileReference; lastKnownFileType = file.storyboard; name = Base; path = Base.lproj/LaunchScreen.storyboard; sourceTree = "<group>"; };
		2CA9584C282B6A2F001F109D /* Info.plist */ = {isa = PBXFileReference; lastKnownFileType = text.plist.xml; path = Info.plist; sourceTree = "<group>"; };
		2CA95851282B6A30001F109D /* ContactsAppTests.xctest */ = {isa = PBXFileReference; explicitFileType = wrapper.cfbundle; includeInIndex = 0; path = ContactsAppTests.xctest; sourceTree = BUILT_PRODUCTS_DIR; };
		2CA95855282B6A30001F109D /* ContactsAppTests.swift */ = {isa = PBXFileReference; lastKnownFileType = sourcecode.swift; path = ContactsAppTests.swift; sourceTree = "<group>"; };
		2CA9585B282B6A30001F109D /* ContactsAppUITests.xctest */ = {isa = PBXFileReference; explicitFileType = wrapper.cfbundle; includeInIndex = 0; path = ContactsAppUITests.xctest; sourceTree = BUILT_PRODUCTS_DIR; };
		2CA9585F282B6A30001F109D /* ContactsAppUITests.swift */ = {isa = PBXFileReference; lastKnownFileType = sourcecode.swift; path = ContactsAppUITests.swift; sourceTree = "<group>"; };
		2CA95861282B6A30001F109D /* ContactsAppUITestsLaunchTests.swift */ = {isa = PBXFileReference; lastKnownFileType = sourcecode.swift; path = ContactsAppUITestsLaunchTests.swift; sourceTree = "<group>"; };
		2CA95876282B6B61001F109D /* NetworkManager.swift */ = {isa = PBXFileReference; lastKnownFileType = sourcecode.swift; path = NetworkManager.swift; sourceTree = "<group>"; };
		2CA95878282B6BB0001F109D /* NetworkService.swift */ = {isa = PBXFileReference; lastKnownFileType = sourcecode.swift; path = NetworkService.swift; sourceTree = "<group>"; };
		2CA9587A282B6C46001F109D /* InternetConnectionManager.swift */ = {isa = PBXFileReference; lastKnownFileType = sourcecode.swift; path = InternetConnectionManager.swift; sourceTree = "<group>"; };
		2CA95880282B6E04001F109D /* HomeInteractor.swift */ = {isa = PBXFileReference; fileEncoding = 4; lastKnownFileType = sourcecode.swift; path = HomeInteractor.swift; sourceTree = "<group>"; };
		2CA95881282B6E04001F109D /* HomeView.swift */ = {isa = PBXFileReference; fileEncoding = 4; lastKnownFileType = sourcecode.swift; path = HomeView.swift; sourceTree = "<group>"; };
		2CA95882282B6E04001F109D /* HomePresenter.swift */ = {isa = PBXFileReference; fileEncoding = 4; lastKnownFileType = sourcecode.swift; path = HomePresenter.swift; sourceTree = "<group>"; };
		2CA95883282B6E04001F109D /* HomeModule.swift */ = {isa = PBXFileReference; fileEncoding = 4; lastKnownFileType = sourcecode.swift; path = HomeModule.swift; sourceTree = "<group>"; };
		2CA95896282B6E93001F109D /* ContactDetailView.swift */ = {isa = PBXFileReference; fileEncoding = 4; lastKnownFileType = sourcecode.swift; path = ContactDetailView.swift; sourceTree = "<group>"; };
		2CA95897282B6E93001F109D /* ContactDetailPresenter.swift */ = {isa = PBXFileReference; fileEncoding = 4; lastKnownFileType = sourcecode.swift; path = ContactDetailPresenter.swift; sourceTree = "<group>"; };
		2CA95898282B6E93001F109D /* ContactDetailInteractor.swift */ = {isa = PBXFileReference; fileEncoding = 4; lastKnownFileType = sourcecode.swift; path = ContactDetailInteractor.swift; sourceTree = "<group>"; };
		2CA95899282B6E93001F109D /* ContactDetailModule.swift */ = {isa = PBXFileReference; fileEncoding = 4; lastKnownFileType = sourcecode.swift; path = ContactDetailModule.swift; sourceTree = "<group>"; };
		2CA9589C282B6E93001F109D /* EditContactInteractor.swift */ = {isa = PBXFileReference; fileEncoding = 4; lastKnownFileType = sourcecode.swift; path = EditContactInteractor.swift; sourceTree = "<group>"; };
		2CA9589D282B6E93001F109D /* EditContactView.swift */ = {isa = PBXFileReference; fileEncoding = 4; lastKnownFileType = sourcecode.swift; path = EditContactView.swift; sourceTree = "<group>"; };
		2CA9589E282B6E93001F109D /* EditContactPresenter.swift */ = {isa = PBXFileReference; fileEncoding = 4; lastKnownFileType = sourcecode.swift; path = EditContactPresenter.swift; sourceTree = "<group>"; };
		2CA9589F282B6E93001F109D /* EditContactModule.swift */ = {isa = PBXFileReference; fileEncoding = 4; lastKnownFileType = sourcecode.swift; path = EditContactModule.swift; sourceTree = "<group>"; };
		2CA958AA282B6ECA001F109D /* ContactDetailRouter.swift */ = {isa = PBXFileReference; lastKnownFileType = sourcecode.swift; path = ContactDetailRouter.swift; sourceTree = "<group>"; };
		2CA958AC282B6ED9001F109D /* EditContactRouter.swift */ = {isa = PBXFileReference; lastKnownFileType = sourcecode.swift; path = EditContactRouter.swift; sourceTree = "<group>"; };
		2CA958AE282B6EE4001F109D /* HomeRouter.swift */ = {isa = PBXFileReference; lastKnownFileType = sourcecode.swift; path = HomeRouter.swift; sourceTree = "<group>"; };
		2CA958B0282B7420001F109D /* ContactsList.swift */ = {isa = PBXFileReference; lastKnownFileType = sourcecode.swift; path = ContactsList.swift; sourceTree = "<group>"; };
		2CA958B2282B75C0001F109D /* BaseProtocol.swift */ = {isa = PBXFileReference; lastKnownFileType = sourcecode.swift; path = BaseProtocol.swift; sourceTree = "<group>"; };
		2CA958B6282B7994001F109D /* HomeCell.swift */ = {isa = PBXFileReference; lastKnownFileType = sourcecode.swift; path = HomeCell.swift; sourceTree = "<group>"; };
		2CA958B8282B9F4A001F109D /* UpdateResponse.swift */ = {isa = PBXFileReference; lastKnownFileType = sourcecode.swift; path = UpdateResponse.swift; sourceTree = "<group>"; };
		2CA958BB282BAA82001F109D /* CreateContactModule.swift */ = {isa = PBXFileReference; fileEncoding = 4; lastKnownFileType = sourcecode.swift; path = CreateContactModule.swift; sourceTree = "<group>"; };
		2CA958BD282BAA82001F109D /* CreateContactView.swift */ = {isa = PBXFileReference; fileEncoding = 4; lastKnownFileType = sourcecode.swift; path = CreateContactView.swift; sourceTree = "<group>"; };
		2CA958BE282BAA82001F109D /* CreateContactPresenter.swift */ = {isa = PBXFileReference; fileEncoding = 4; lastKnownFileType = sourcecode.swift; path = CreateContactPresenter.swift; sourceTree = "<group>"; };
		2CA958BF282BAA82001F109D /* CreateContactInteractor.swift */ = {isa = PBXFileReference; fileEncoding = 4; lastKnownFileType = sourcecode.swift; path = CreateContactInteractor.swift; sourceTree = "<group>"; };
		2CA958C5282BAACC001F109D /* CreateContactRouter.swift */ = {isa = PBXFileReference; lastKnownFileType = sourcecode.swift; path = CreateContactRouter.swift; sourceTree = "<group>"; };
		2CA958CB282BAE93001F109D /* ContactsRepository.swift */ = {isa = PBXFileReference; lastKnownFileType = sourcecode.swift; path = ContactsRepository.swift; sourceTree = "<group>"; };
		2CDD7694282BB80100374691 /* Contacts+CoreDataClass.swift */ = {isa = PBXFileReference; fileEncoding = 4; lastKnownFileType = sourcecode.swift; path = "Contacts+CoreDataClass.swift"; sourceTree = "<group>"; };
		2CDD7695282BB80100374691 /* Contacts+CoreDataProperties.swift */ = {isa = PBXFileReference; fileEncoding = 4; lastKnownFileType = sourcecode.swift; path = "Contacts+CoreDataProperties.swift"; sourceTree = "<group>"; };
		2CDD7698282BCC7B00374691 /* HomeCell.xib */ = {isa = PBXFileReference; lastKnownFileType = file.xib; path = HomeCell.xib; sourceTree = "<group>"; };
		4022547EE9853198AA05D8FC /* Pods-ContactsAppTests.release.xcconfig */ = {isa = PBXFileReference; includeInIndex = 1; lastKnownFileType = text.xcconfig; name = "Pods-ContactsAppTests.release.xcconfig"; path = "Target Support Files/Pods-ContactsAppTests/Pods-ContactsAppTests.release.xcconfig"; sourceTree = "<group>"; };
		4097692FFA188E0A78F0FF39 /* Pods_ContactsApp.framework */ = {isa = PBXFileReference; explicitFileType = wrapper.framework; includeInIndex = 0; path = Pods_ContactsApp.framework; sourceTree = BUILT_PRODUCTS_DIR; };
		4672FA18016E6731B44B2DF4 /* Pods-ContactsApp.debug.xcconfig */ = {isa = PBXFileReference; includeInIndex = 1; lastKnownFileType = text.xcconfig; name = "Pods-ContactsApp.debug.xcconfig"; path = "Target Support Files/Pods-ContactsApp/Pods-ContactsApp.debug.xcconfig"; sourceTree = "<group>"; };
		65A24582EF4D0769B0E0E177 /* Pods-ContactsApp.release.xcconfig */ = {isa = PBXFileReference; includeInIndex = 1; lastKnownFileType = text.xcconfig; name = "Pods-ContactsApp.release.xcconfig"; path = "Target Support Files/Pods-ContactsApp/Pods-ContactsApp.release.xcconfig"; sourceTree = "<group>"; };
		8091224A096E75DAE085A493 /* Pods_ContactsApp_ContactsAppUITests.framework */ = {isa = PBXFileReference; explicitFileType = wrapper.framework; includeInIndex = 0; path = Pods_ContactsApp_ContactsAppUITests.framework; sourceTree = BUILT_PRODUCTS_DIR; };
		A07F55A68568B827F5438EA9 /* Pods_ContactsAppTests.framework */ = {isa = PBXFileReference; explicitFileType = wrapper.framework; includeInIndex = 0; path = Pods_ContactsAppTests.framework; sourceTree = BUILT_PRODUCTS_DIR; };
		A98873680B12F028C4F133E8 /* Pods-ContactsAppTests.debug.xcconfig */ = {isa = PBXFileReference; includeInIndex = 1; lastKnownFileType = text.xcconfig; name = "Pods-ContactsAppTests.debug.xcconfig"; path = "Target Support Files/Pods-ContactsAppTests/Pods-ContactsAppTests.debug.xcconfig"; sourceTree = "<group>"; };
		D53918BB8A5271B56643E4A9 /* Pods-ContactsApp-ContactsAppUITests.debug.xcconfig */ = {isa = PBXFileReference; includeInIndex = 1; lastKnownFileType = text.xcconfig; name = "Pods-ContactsApp-ContactsAppUITests.debug.xcconfig"; path = "Target Support Files/Pods-ContactsApp-ContactsAppUITests/Pods-ContactsApp-ContactsAppUITests.debug.xcconfig"; sourceTree = "<group>"; };
		EF8C06A838CCDFEDFDA72A23 /* Pods-ContactsApp-ContactsAppUITests.release.xcconfig */ = {isa = PBXFileReference; includeInIndex = 1; lastKnownFileType = text.xcconfig; name = "Pods-ContactsApp-ContactsAppUITests.release.xcconfig"; path = "Target Support Files/Pods-ContactsApp-ContactsAppUITests/Pods-ContactsApp-ContactsAppUITests.release.xcconfig"; sourceTree = "<group>"; };
/* End PBXFileReference section */

/* Begin PBXFrameworksBuildPhase section */
		2CA95835282B6A2D001F109D /* Frameworks */ = {
			isa = PBXFrameworksBuildPhase;
			buildActionMask = 2147483647;
			files = (
				C755257ADA9162E25A3B53A5 /* Pods_ContactsApp.framework in Frameworks */,
			);
			runOnlyForDeploymentPostprocessing = 0;
		};
		2CA9584E282B6A30001F109D /* Frameworks */ = {
			isa = PBXFrameworksBuildPhase;
			buildActionMask = 2147483647;
			files = (
				847439F56BBDD29D292A2A05 /* Pods_ContactsAppTests.framework in Frameworks */,
			);
			runOnlyForDeploymentPostprocessing = 0;
		};
		2CA95858282B6A30001F109D /* Frameworks */ = {
			isa = PBXFrameworksBuildPhase;
			buildActionMask = 2147483647;
			files = (
				C8BDB88C0C0AE0EC00BD7DD6 /* Pods_ContactsApp_ContactsAppUITests.framework in Frameworks */,
			);
			runOnlyForDeploymentPostprocessing = 0;
		};
/* End PBXFrameworksBuildPhase section */

/* Begin PBXGroup section */
		07CE28692A1009D617D95D8C /* Frameworks */ = {
			isa = PBXGroup;
			children = (
				4097692FFA188E0A78F0FF39 /* Pods_ContactsApp.framework */,
				8091224A096E75DAE085A493 /* Pods_ContactsApp_ContactsAppUITests.framework */,
				A07F55A68568B827F5438EA9 /* Pods_ContactsAppTests.framework */,
			);
			name = Frameworks;
			sourceTree = "<group>";
		};
		2C687B21282CF9AD00044CA6 /* Home */ = {
			isa = PBXGroup;
			children = (
				2C6A2E23282C188000216088 /* HomeInteractorTests.swift */,
				2C687B22282CF9D600044CA6 /* HomeRouterTests.swift */,
				2C687B2D282D00CF00044CA6 /* HomePresenterTests.swift */,
				2C687B33282D121B00044CA6 /* HomeViewTests.swift */,
			);
			path = Home;
			sourceTree = "<group>";
		};
		2C687B24282CFB1D00044CA6 /* EditContact */ = {
			isa = PBXGroup;
			children = (
				2C687B1F282CEB9100044CA6 /* EditContactInteractorTests.swift */,
				2C687B25282CFB3900044CA6 /* EditContactRouterTests.swift */,
				2C687B31282D08B800044CA6 /* EditContractPresenterTests.swift */,
				2C687B35282D140C00044CA6 /* EditContactViewTests.swift */,
			);
			path = EditContact;
			sourceTree = "<group>";
		};
		2C687B27282CFC5200044CA6 /* ContactDetail */ = {
			isa = PBXGroup;
			children = (
				2C687B28282CFC7700044CA6 /* ContactDetailRouterTests.swift */,
				2C687B2B282CFF1C00044CA6 /* ContactDetailPresenterTests.swift */,
				2C687B37282D182400044CA6 /* ContactDetailViewTests.swift */,
			);
			path = ContactDetail;
			sourceTree = "<group>";
		};
		2C687B2A282CFCF600044CA6 /* CreateContact */ = {
			isa = PBXGroup;
			children = (
				2C687B1D282CE9F600044CA6 /* CreateContactInteractorTests.swift */,
				2C687B2F282D02CC00044CA6 /* CreateContactPresenterTests.swift */,
				2C687B39282D192B00044CA6 /* CreateContactViewTests.swift */,
			);
			path = CreateContact;
			sourceTree = "<group>";
		};
		2CA9582F282B6A2D001F109D = {
			isa = PBXGroup;
			children = (
				2CA9583A282B6A2D001F109D /* ContactsApp */,
				2CA95854282B6A30001F109D /* ContactsAppTests */,
				2CA9585E282B6A30001F109D /* ContactsAppUITests */,
				2CA95839282B6A2D001F109D /* Products */,
				2FEAC6CFE2D0777B6F9FF999 /* Pods */,
				07CE28692A1009D617D95D8C /* Frameworks */,
			);
			sourceTree = "<group>";
		};
		2CA95839282B6A2D001F109D /* Products */ = {
			isa = PBXGroup;
			children = (
				2CA95838282B6A2D001F109D /* ContactsApp.app */,
				2CA95851282B6A30001F109D /* ContactsAppTests.xctest */,
				2CA9585B282B6A30001F109D /* ContactsAppUITests.xctest */,
			);
			name = Products;
			sourceTree = "<group>";
		};
		2CA9583A282B6A2D001F109D /* ContactsApp */ = {
			isa = PBXGroup;
			children = (
				2CA958B4282B797A001F109D /* View */,
				2CA95873282B6B2A001F109D /* Storage */,
				2CA95871282B6B07001F109D /* Services */,
				2CA9586F282B6AE7001F109D /* Utilities */,
				2CA9586E282B6ADC001F109D /* Modules */,
				2CA9583B282B6A2D001F109D /* AppDelegate.swift */,
				2CA9583D282B6A2D001F109D /* SceneDelegate.swift */,
				2CA9583F282B6A2D001F109D /* ViewController.swift */,
				2CA95841282B6A2D001F109D /* Main.storyboard */,
				2CA95847282B6A2F001F109D /* Assets.xcassets */,
				2CA95849282B6A2F001F109D /* LaunchScreen.storyboard */,
				2CA9584C282B6A2F001F109D /* Info.plist */,
				2CA95844282B6A2D001F109D /* ContactsApp.xcdatamodeld */,
			);
			path = ContactsApp;
			sourceTree = "<group>";
		};
		2CA95854282B6A30001F109D /* ContactsAppTests */ = {
			isa = PBXGroup;
			children = (
				2C687B2A282CFCF600044CA6 /* CreateContact */,
				2C687B27282CFC5200044CA6 /* ContactDetail */,
				2C687B24282CFB1D00044CA6 /* EditContact */,
				2C687B21282CF9AD00044CA6 /* Home */,
				2CA95855282B6A30001F109D /* ContactsAppTests.swift */,
				2C6A2E21282C172000216088 /* ContactsRepositoryTests.swift */,
			);
			path = ContactsAppTests;
			sourceTree = "<group>";
		};
		2CA9585E282B6A30001F109D /* ContactsAppUITests */ = {
			isa = PBXGroup;
			children = (
				2CA9585F282B6A30001F109D /* ContactsAppUITests.swift */,
				2CA95861282B6A30001F109D /* ContactsAppUITestsLaunchTests.swift */,
			);
			path = ContactsAppUITests;
			sourceTree = "<group>";
		};
		2CA9586E282B6ADC001F109D /* Modules */ = {
			isa = PBXGroup;
			children = (
				2CA958BA282BAA82001F109D /* CreateContact */,
				2CA95894282B6E93001F109D /* ContactDetail */,
				2CA9589A282B6E93001F109D /* EditContact */,
				2CA9587E282B6E04001F109D /* Home */,
			);
			path = Modules;
			sourceTree = "<group>";
		};
		2CA9586F282B6AE7001F109D /* Utilities */ = {
			isa = PBXGroup;
			children = (
				2CA958B2282B75C0001F109D /* BaseProtocol.swift */,
			);
			path = Utilities;
			sourceTree = "<group>";
		};
		2CA95871282B6B07001F109D /* Services */ = {
			isa = PBXGroup;
			children = (
				2CA95875282B6B4C001F109D /* Response */,
				2CA95874282B6B45001F109D /* Network */,
			);
			path = Services;
			sourceTree = "<group>";
		};
		2CA95873282B6B2A001F109D /* Storage */ = {
			isa = PBXGroup;
			children = (
				2CDD7694282BB80100374691 /* Contacts+CoreDataClass.swift */,
				2CDD7695282BB80100374691 /* Contacts+CoreDataProperties.swift */,
				2CA958CB282BAE93001F109D /* ContactsRepository.swift */,
			);
			path = Storage;
			sourceTree = "<group>";
		};
		2CA95874282B6B45001F109D /* Network */ = {
			isa = PBXGroup;
			children = (
				2CA95876282B6B61001F109D /* NetworkManager.swift */,
				2CA95878282B6BB0001F109D /* NetworkService.swift */,
				2CA9587A282B6C46001F109D /* InternetConnectionManager.swift */,
			);
			path = Network;
			sourceTree = "<group>";
		};
		2CA95875282B6B4C001F109D /* Response */ = {
			isa = PBXGroup;
			children = (
				2CA958B0282B7420001F109D /* ContactsList.swift */,
				2CA958B8282B9F4A001F109D /* UpdateResponse.swift */,
				2C6A2E12282BFE0300216088 /* CreateResponse.swift */,
			);
			path = Response;
			sourceTree = "<group>";
		};
		2CA9587E282B6E04001F109D /* Home */ = {
			isa = PBXGroup;
			children = (
				2CA95880282B6E04001F109D /* HomeInteractor.swift */,
				2CA95881282B6E04001F109D /* HomeView.swift */,
				2CA95882282B6E04001F109D /* HomePresenter.swift */,
				2CA95883282B6E04001F109D /* HomeModule.swift */,
				2CA958AE282B6EE4001F109D /* HomeRouter.swift */,
			);
			path = Home;
			sourceTree = "<group>";
		};
		2CA95894282B6E93001F109D /* ContactDetail */ = {
			isa = PBXGroup;
			children = (
				2CA95896282B6E93001F109D /* ContactDetailView.swift */,
				2CA95897282B6E93001F109D /* ContactDetailPresenter.swift */,
				2CA95898282B6E93001F109D /* ContactDetailInteractor.swift */,
				2CA95899282B6E93001F109D /* ContactDetailModule.swift */,
				2CA958AA282B6ECA001F109D /* ContactDetailRouter.swift */,
			);
			path = ContactDetail;
			sourceTree = "<group>";
		};
		2CA9589A282B6E93001F109D /* EditContact */ = {
			isa = PBXGroup;
			children = (
				2CA9589C282B6E93001F109D /* EditContactInteractor.swift */,
				2CA9589D282B6E93001F109D /* EditContactView.swift */,
				2CA9589E282B6E93001F109D /* EditContactPresenter.swift */,
				2CA9589F282B6E93001F109D /* EditContactModule.swift */,
				2CA958AC282B6ED9001F109D /* EditContactRouter.swift */,
			);
			path = EditContact;
			sourceTree = "<group>";
		};
		2CA958B4282B797A001F109D /* View */ = {
			isa = PBXGroup;
			children = (
				2CA958B5282B7981001F109D /* HomeCell */,
			);
			path = View;
			sourceTree = "<group>";
		};
		2CA958B5282B7981001F109D /* HomeCell */ = {
			isa = PBXGroup;
			children = (
				2CA958B6282B7994001F109D /* HomeCell.swift */,
				2CDD7698282BCC7B00374691 /* HomeCell.xib */,
			);
			path = HomeCell;
			sourceTree = "<group>";
		};
		2CA958BA282BAA82001F109D /* CreateContact */ = {
			isa = PBXGroup;
			children = (
				2CA958BD282BAA82001F109D /* CreateContactView.swift */,
				2CA958BE282BAA82001F109D /* CreateContactPresenter.swift */,
				2CA958BF282BAA82001F109D /* CreateContactInteractor.swift */,
				2CA958C5282BAACC001F109D /* CreateContactRouter.swift */,
				2CA958BB282BAA82001F109D /* CreateContactModule.swift */,
			);
			path = CreateContact;
			sourceTree = "<group>";
		};
		2FEAC6CFE2D0777B6F9FF999 /* Pods */ = {
			isa = PBXGroup;
			children = (
				4672FA18016E6731B44B2DF4 /* Pods-ContactsApp.debug.xcconfig */,
				65A24582EF4D0769B0E0E177 /* Pods-ContactsApp.release.xcconfig */,
				D53918BB8A5271B56643E4A9 /* Pods-ContactsApp-ContactsAppUITests.debug.xcconfig */,
				EF8C06A838CCDFEDFDA72A23 /* Pods-ContactsApp-ContactsAppUITests.release.xcconfig */,
				A98873680B12F028C4F133E8 /* Pods-ContactsAppTests.debug.xcconfig */,
				4022547EE9853198AA05D8FC /* Pods-ContactsAppTests.release.xcconfig */,
			);
			path = Pods;
			sourceTree = "<group>";
		};
/* End PBXGroup section */

/* Begin PBXNativeTarget section */
		2CA95837282B6A2D001F109D /* ContactsApp */ = {
			isa = PBXNativeTarget;
			buildConfigurationList = 2CA95865282B6A30001F109D /* Build configuration list for PBXNativeTarget "ContactsApp" */;
			buildPhases = (
				A2534C9CC40A0467AB1F9EC4 /* [CP] Check Pods Manifest.lock */,
				2CA95834282B6A2D001F109D /* Sources */,
				2CA95835282B6A2D001F109D /* Frameworks */,
				2CA95836282B6A2D001F109D /* Resources */,
				84F9875357EC809F0A34AD62 /* [CP] Embed Pods Frameworks */,
			);
			buildRules = (
			);
			dependencies = (
			);
			name = ContactsApp;
			productName = ContactsApp;
			productReference = 2CA95838282B6A2D001F109D /* ContactsApp.app */;
			productType = "com.apple.product-type.application";
		};
		2CA95850282B6A30001F109D /* ContactsAppTests */ = {
			isa = PBXNativeTarget;
			buildConfigurationList = 2CA95868282B6A30001F109D /* Build configuration list for PBXNativeTarget "ContactsAppTests" */;
			buildPhases = (
				CBEB2B01FBD16E0EF263B2B1 /* [CP] Check Pods Manifest.lock */,
				2CA9584D282B6A30001F109D /* Sources */,
				2CA9584E282B6A30001F109D /* Frameworks */,
				2CA9584F282B6A30001F109D /* Resources */,
			);
			buildRules = (
			);
			dependencies = (
				2CA95853282B6A30001F109D /* PBXTargetDependency */,
			);
			name = ContactsAppTests;
			productName = ContactsAppTests;
			productReference = 2CA95851282B6A30001F109D /* ContactsAppTests.xctest */;
			productType = "com.apple.product-type.bundle.unit-test";
		};
		2CA9585A282B6A30001F109D /* ContactsAppUITests */ = {
			isa = PBXNativeTarget;
			buildConfigurationList = 2CA9586B282B6A30001F109D /* Build configuration list for PBXNativeTarget "ContactsAppUITests" */;
			buildPhases = (
				336FC2D222CA5B21F174793E /* [CP] Check Pods Manifest.lock */,
				2CA95857282B6A30001F109D /* Sources */,
				2CA95858282B6A30001F109D /* Frameworks */,
				2CA95859282B6A30001F109D /* Resources */,
				6DFBCF8E7F63D50936A22E38 /* [CP] Embed Pods Frameworks */,
			);
			buildRules = (
			);
			dependencies = (
				2CA9585D282B6A30001F109D /* PBXTargetDependency */,
			);
			name = ContactsAppUITests;
			productName = ContactsAppUITests;
			productReference = 2CA9585B282B6A30001F109D /* ContactsAppUITests.xctest */;
			productType = "com.apple.product-type.bundle.ui-testing";
		};
/* End PBXNativeTarget section */

/* Begin PBXProject section */
		2CA95830282B6A2D001F109D /* Project object */ = {
			isa = PBXProject;
			attributes = {
				BuildIndependentTargetsInParallel = 1;
				LastSwiftUpdateCheck = 1330;
				LastUpgradeCheck = 1330;
				TargetAttributes = {
					2CA95837282B6A2D001F109D = {
						CreatedOnToolsVersion = 13.3;
					};
					2CA95850282B6A30001F109D = {
						CreatedOnToolsVersion = 13.3;
						TestTargetID = 2CA95837282B6A2D001F109D;
					};
					2CA9585A282B6A30001F109D = {
						CreatedOnToolsVersion = 13.3;
						TestTargetID = 2CA95837282B6A2D001F109D;
					};
				};
			};
			buildConfigurationList = 2CA95833282B6A2D001F109D /* Build configuration list for PBXProject "ContactsApp" */;
			compatibilityVersion = "Xcode 13.0";
			developmentRegion = en;
			hasScannedForEncodings = 0;
			knownRegions = (
				en,
				Base,
			);
			mainGroup = 2CA9582F282B6A2D001F109D;
			productRefGroup = 2CA95839282B6A2D001F109D /* Products */;
			projectDirPath = "";
			projectRoot = "";
			targets = (
				2CA95837282B6A2D001F109D /* ContactsApp */,
				2CA95850282B6A30001F109D /* ContactsAppTests */,
				2CA9585A282B6A30001F109D /* ContactsAppUITests */,
			);
		};
/* End PBXProject section */

/* Begin PBXResourcesBuildPhase section */
		2CA95836282B6A2D001F109D /* Resources */ = {
			isa = PBXResourcesBuildPhase;
			buildActionMask = 2147483647;
			files = (
				2CA9584B282B6A2F001F109D /* LaunchScreen.storyboard in Resources */,
				2CA95848282B6A2F001F109D /* Assets.xcassets in Resources */,
				2CDD7699282BCC7B00374691 /* HomeCell.xib in Resources */,
				2CA95843282B6A2D001F109D /* Main.storyboard in Resources */,
			);
			runOnlyForDeploymentPostprocessing = 0;
		};
		2CA9584F282B6A30001F109D /* Resources */ = {
			isa = PBXResourcesBuildPhase;
			buildActionMask = 2147483647;
			files = (
			);
			runOnlyForDeploymentPostprocessing = 0;
		};
		2CA95859282B6A30001F109D /* Resources */ = {
			isa = PBXResourcesBuildPhase;
			buildActionMask = 2147483647;
			files = (
			);
			runOnlyForDeploymentPostprocessing = 0;
		};
/* End PBXResourcesBuildPhase section */

/* Begin PBXShellScriptBuildPhase section */
		336FC2D222CA5B21F174793E /* [CP] Check Pods Manifest.lock */ = {
			isa = PBXShellScriptBuildPhase;
			buildActionMask = 2147483647;
			files = (
			);
			inputFileListPaths = (
			);
			inputPaths = (
				"${PODS_PODFILE_DIR_PATH}/Podfile.lock",
				"${PODS_ROOT}/Manifest.lock",
			);
			name = "[CP] Check Pods Manifest.lock";
			outputFileListPaths = (
			);
			outputPaths = (
				"$(DERIVED_FILE_DIR)/Pods-ContactsApp-ContactsAppUITests-checkManifestLockResult.txt",
			);
			runOnlyForDeploymentPostprocessing = 0;
			shellPath = /bin/sh;
			shellScript = "diff \"${PODS_PODFILE_DIR_PATH}/Podfile.lock\" \"${PODS_ROOT}/Manifest.lock\" > /dev/null\nif [ $? != 0 ] ; then\n    # print error to STDERR\n    echo \"error: The sandbox is not in sync with the Podfile.lock. Run 'pod install' or update your CocoaPods installation.\" >&2\n    exit 1\nfi\n# This output is used by Xcode 'outputs' to avoid re-running this script phase.\necho \"SUCCESS\" > \"${SCRIPT_OUTPUT_FILE_0}\"\n";
			showEnvVarsInLog = 0;
		};
		6DFBCF8E7F63D50936A22E38 /* [CP] Embed Pods Frameworks */ = {
			isa = PBXShellScriptBuildPhase;
			buildActionMask = 2147483647;
			files = (
			);
			inputFileListPaths = (
				"${PODS_ROOT}/Target Support Files/Pods-ContactsApp-ContactsAppUITests/Pods-ContactsApp-ContactsAppUITests-frameworks-${CONFIGURATION}-input-files.xcfilelist",
			);
			name = "[CP] Embed Pods Frameworks";
			outputFileListPaths = (
				"${PODS_ROOT}/Target Support Files/Pods-ContactsApp-ContactsAppUITests/Pods-ContactsApp-ContactsAppUITests-frameworks-${CONFIGURATION}-output-files.xcfilelist",
			);
			runOnlyForDeploymentPostprocessing = 0;
			shellPath = /bin/sh;
			shellScript = "\"${PODS_ROOT}/Target Support Files/Pods-ContactsApp-ContactsAppUITests/Pods-ContactsApp-ContactsAppUITests-frameworks.sh\"\n";
			showEnvVarsInLog = 0;
		};
		84F9875357EC809F0A34AD62 /* [CP] Embed Pods Frameworks */ = {
			isa = PBXShellScriptBuildPhase;
			buildActionMask = 2147483647;
			files = (
			);
			inputFileListPaths = (
				"${PODS_ROOT}/Target Support Files/Pods-ContactsApp/Pods-ContactsApp-frameworks-${CONFIGURATION}-input-files.xcfilelist",
			);
			name = "[CP] Embed Pods Frameworks";
			outputFileListPaths = (
				"${PODS_ROOT}/Target Support Files/Pods-ContactsApp/Pods-ContactsApp-frameworks-${CONFIGURATION}-output-files.xcfilelist",
			);
			runOnlyForDeploymentPostprocessing = 0;
			shellPath = /bin/sh;
			shellScript = "\"${PODS_ROOT}/Target Support Files/Pods-ContactsApp/Pods-ContactsApp-frameworks.sh\"\n";
			showEnvVarsInLog = 0;
		};
		A2534C9CC40A0467AB1F9EC4 /* [CP] Check Pods Manifest.lock */ = {
			isa = PBXShellScriptBuildPhase;
			buildActionMask = 2147483647;
			files = (
			);
			inputFileListPaths = (
			);
			inputPaths = (
				"${PODS_PODFILE_DIR_PATH}/Podfile.lock",
				"${PODS_ROOT}/Manifest.lock",
			);
			name = "[CP] Check Pods Manifest.lock";
			outputFileListPaths = (
			);
			outputPaths = (
				"$(DERIVED_FILE_DIR)/Pods-ContactsApp-checkManifestLockResult.txt",
			);
			runOnlyForDeploymentPostprocessing = 0;
			shellPath = /bin/sh;
			shellScript = "diff \"${PODS_PODFILE_DIR_PATH}/Podfile.lock\" \"${PODS_ROOT}/Manifest.lock\" > /dev/null\nif [ $? != 0 ] ; then\n    # print error to STDERR\n    echo \"error: The sandbox is not in sync with the Podfile.lock. Run 'pod install' or update your CocoaPods installation.\" >&2\n    exit 1\nfi\n# This output is used by Xcode 'outputs' to avoid re-running this script phase.\necho \"SUCCESS\" > \"${SCRIPT_OUTPUT_FILE_0}\"\n";
			showEnvVarsInLog = 0;
		};
		CBEB2B01FBD16E0EF263B2B1 /* [CP] Check Pods Manifest.lock */ = {
			isa = PBXShellScriptBuildPhase;
			buildActionMask = 2147483647;
			files = (
			);
			inputFileListPaths = (
			);
			inputPaths = (
				"${PODS_PODFILE_DIR_PATH}/Podfile.lock",
				"${PODS_ROOT}/Manifest.lock",
			);
			name = "[CP] Check Pods Manifest.lock";
			outputFileListPaths = (
			);
			outputPaths = (
				"$(DERIVED_FILE_DIR)/Pods-ContactsAppTests-checkManifestLockResult.txt",
			);
			runOnlyForDeploymentPostprocessing = 0;
			shellPath = /bin/sh;
			shellScript = "diff \"${PODS_PODFILE_DIR_PATH}/Podfile.lock\" \"${PODS_ROOT}/Manifest.lock\" > /dev/null\nif [ $? != 0 ] ; then\n    # print error to STDERR\n    echo \"error: The sandbox is not in sync with the Podfile.lock. Run 'pod install' or update your CocoaPods installation.\" >&2\n    exit 1\nfi\n# This output is used by Xcode 'outputs' to avoid re-running this script phase.\necho \"SUCCESS\" > \"${SCRIPT_OUTPUT_FILE_0}\"\n";
			showEnvVarsInLog = 0;
		};
/* End PBXShellScriptBuildPhase section */

/* Begin PBXSourcesBuildPhase section */
		2CA95834282B6A2D001F109D /* Sources */ = {
			isa = PBXSourcesBuildPhase;
			buildActionMask = 2147483647;
			files = (
				2CA9587B282B6C46001F109D /* InternetConnectionManager.swift in Sources */,
				2CA95846282B6A2D001F109D /* ContactsApp.xcdatamodeld in Sources */,
				2CA95840282B6A2D001F109D /* ViewController.swift in Sources */,
				2CA95886282B6E04001F109D /* HomeView.swift in Sources */,
				2CA958B9282B9F4A001F109D /* UpdateResponse.swift in Sources */,
				2CA958AB282B6ECA001F109D /* ContactDetailRouter.swift in Sources */,
				2CA958C0282BAA82001F109D /* CreateContactModule.swift in Sources */,
				2CA958A6282B6E93001F109D /* EditContactInteractor.swift in Sources */,
				2CA958CC282BAE93001F109D /* ContactsRepository.swift in Sources */,
				2CA958C4282BAA82001F109D /* CreateContactInteractor.swift in Sources */,
				2CA958B7282B7994001F109D /* HomeCell.swift in Sources */,
				2CA958A9282B6E93001F109D /* EditContactModule.swift in Sources */,
				2CA958B1282B7420001F109D /* ContactsList.swift in Sources */,
				2C6A2E13282BFE0300216088 /* CreateResponse.swift in Sources */,
				2CA958A1282B6E93001F109D /* ContactDetailView.swift in Sources */,
				2CA958A2282B6E93001F109D /* ContactDetailPresenter.swift in Sources */,
				2CA95877282B6B61001F109D /* NetworkManager.swift in Sources */,
				2CA958C2282BAA82001F109D /* CreateContactView.swift in Sources */,
				2CA958AF282B6EE4001F109D /* HomeRouter.swift in Sources */,
				2CA958C3282BAA82001F109D /* CreateContactPresenter.swift in Sources */,
				2CA95888282B6E04001F109D /* HomeModule.swift in Sources */,
				2CA958A4282B6E93001F109D /* ContactDetailModule.swift in Sources */,
				2CA958C6282BAACC001F109D /* CreateContactRouter.swift in Sources */,
				2CA958A7282B6E93001F109D /* EditContactView.swift in Sources */,
				2CA9583C282B6A2D001F109D /* AppDelegate.swift in Sources */,
				2CA958A8282B6E93001F109D /* EditContactPresenter.swift in Sources */,
				2CA958B3282B75C0001F109D /* BaseProtocol.swift in Sources */,
				2CA95885282B6E04001F109D /* HomeInteractor.swift in Sources */,
				2CDD7696282BB80100374691 /* Contacts+CoreDataClass.swift in Sources */,
				2CA95879282B6BB0001F109D /* NetworkService.swift in Sources */,
				2CA958A3282B6E93001F109D /* ContactDetailInteractor.swift in Sources */,
				2CDD7697282BB80100374691 /* Contacts+CoreDataProperties.swift in Sources */,
				2CA9583E282B6A2D001F109D /* SceneDelegate.swift in Sources */,
				2CA95887282B6E04001F109D /* HomePresenter.swift in Sources */,
				2CA958AD282B6ED9001F109D /* EditContactRouter.swift in Sources */,
			);
			runOnlyForDeploymentPostprocessing = 0;
		};
		2CA9584D282B6A30001F109D /* Sources */ = {
			isa = PBXSourcesBuildPhase;
			buildActionMask = 2147483647;
			files = (
				2C6A2E24282C188000216088 /* HomeInteractorTests.swift in Sources */,
				2C687B26282CFB3900044CA6 /* EditContactRouterTests.swift in Sources */,
				2C687B23282CF9D600044CA6 /* HomeRouterTests.swift in Sources */,
				2C687B2E282D00CF00044CA6 /* HomePresenterTests.swift in Sources */,
				2C687B32282D08B800044CA6 /* EditContractPresenterTests.swift in Sources */,
				2C687B3A282D192B00044CA6 /* CreateContactViewTests.swift in Sources */,
				2C687B34282D121B00044CA6 /* HomeViewTests.swift in Sources */,
				2C687B30282D02CC00044CA6 /* CreateContactPresenterTests.swift in Sources */,
				2C687B20282CEB9100044CA6 /* EditContactInteractorTests.swift in Sources */,
				2C687B29282CFC7700044CA6 /* ContactDetailRouterTests.swift in Sources */,
				2C687B38282D182400044CA6 /* ContactDetailViewTests.swift in Sources */,
				2C687B36282D140C00044CA6 /* EditContactViewTests.swift in Sources */,
				2C6A2E22282C172000216088 /* ContactsRepositoryTests.swift in Sources */,
				2C687B2C282CFF1C00044CA6 /* ContactDetailPresenterTests.swift in Sources */,
				2CA95856282B6A30001F109D /* ContactsAppTests.swift in Sources */,
				2C687B1E282CE9F600044CA6 /* CreateContactInteractorTests.swift in Sources */,
			);
			runOnlyForDeploymentPostprocessing = 0;
		};
		2CA95857282B6A30001F109D /* Sources */ = {
			isa = PBXSourcesBuildPhase;
			buildActionMask = 2147483647;
			files = (
				2CA95860282B6A30001F109D /* ContactsAppUITests.swift in Sources */,
				2CA95862282B6A30001F109D /* ContactsAppUITestsLaunchTests.swift in Sources */,
			);
			runOnlyForDeploymentPostprocessing = 0;
		};
/* End PBXSourcesBuildPhase section */

/* Begin PBXTargetDependency section */
		2CA95853282B6A30001F109D /* PBXTargetDependency */ = {
			isa = PBXTargetDependency;
			target = 2CA95837282B6A2D001F109D /* ContactsApp */;
			targetProxy = 2CA95852282B6A30001F109D /* PBXContainerItemProxy */;
		};
		2CA9585D282B6A30001F109D /* PBXTargetDependency */ = {
			isa = PBXTargetDependency;
			target = 2CA95837282B6A2D001F109D /* ContactsApp */;
			targetProxy = 2CA9585C282B6A30001F109D /* PBXContainerItemProxy */;
		};
/* End PBXTargetDependency section */

/* Begin PBXVariantGroup section */
		2CA95841282B6A2D001F109D /* Main.storyboard */ = {
			isa = PBXVariantGroup;
			children = (
				2CA95842282B6A2D001F109D /* Base */,
			);
			name = Main.storyboard;
			sourceTree = "<group>";
		};
		2CA95849282B6A2F001F109D /* LaunchScreen.storyboard */ = {
			isa = PBXVariantGroup;
			children = (
				2CA9584A282B6A2F001F109D /* Base */,
			);
			name = LaunchScreen.storyboard;
			sourceTree = "<group>";
		};
/* End PBXVariantGroup section */

/* Begin XCBuildConfiguration section */
		2CA95863282B6A30001F109D /* Debug */ = {
			isa = XCBuildConfiguration;
			buildSettings = {
				ALWAYS_SEARCH_USER_PATHS = NO;
				CLANG_ANALYZER_NONNULL = YES;
				CLANG_ANALYZER_NUMBER_OBJECT_CONVERSION = YES_AGGRESSIVE;
				CLANG_CXX_LANGUAGE_STANDARD = "gnu++17";
				CLANG_ENABLE_MODULES = YES;
				CLANG_ENABLE_OBJC_ARC = YES;
				CLANG_ENABLE_OBJC_WEAK = YES;
				CLANG_WARN_BLOCK_CAPTURE_AUTORELEASING = YES;
				CLANG_WARN_BOOL_CONVERSION = YES;
				CLANG_WARN_COMMA = YES;
				CLANG_WARN_CONSTANT_CONVERSION = YES;
				CLANG_WARN_DEPRECATED_OBJC_IMPLEMENTATIONS = YES;
				CLANG_WARN_DIRECT_OBJC_ISA_USAGE = YES_ERROR;
				CLANG_WARN_DOCUMENTATION_COMMENTS = YES;
				CLANG_WARN_EMPTY_BODY = YES;
				CLANG_WARN_ENUM_CONVERSION = YES;
				CLANG_WARN_INFINITE_RECURSION = YES;
				CLANG_WARN_INT_CONVERSION = YES;
				CLANG_WARN_NON_LITERAL_NULL_CONVERSION = YES;
				CLANG_WARN_OBJC_IMPLICIT_RETAIN_SELF = YES;
				CLANG_WARN_OBJC_LITERAL_CONVERSION = YES;
				CLANG_WARN_OBJC_ROOT_CLASS = YES_ERROR;
				CLANG_WARN_QUOTED_INCLUDE_IN_FRAMEWORK_HEADER = YES;
				CLANG_WARN_RANGE_LOOP_ANALYSIS = YES;
				CLANG_WARN_STRICT_PROTOTYPES = YES;
				CLANG_WARN_SUSPICIOUS_MOVE = YES;
				CLANG_WARN_UNGUARDED_AVAILABILITY = YES_AGGRESSIVE;
				CLANG_WARN_UNREACHABLE_CODE = YES;
				CLANG_WARN__DUPLICATE_METHOD_MATCH = YES;
				COPY_PHASE_STRIP = NO;
				DEBUG_INFORMATION_FORMAT = dwarf;
				ENABLE_STRICT_OBJC_MSGSEND = YES;
				ENABLE_TESTABILITY = YES;
				GCC_C_LANGUAGE_STANDARD = gnu11;
				GCC_DYNAMIC_NO_PIC = NO;
				GCC_NO_COMMON_BLOCKS = YES;
				GCC_OPTIMIZATION_LEVEL = 0;
				GCC_PREPROCESSOR_DEFINITIONS = (
					"DEBUG=1",
					"$(inherited)",
				);
				GCC_WARN_64_TO_32_BIT_CONVERSION = YES;
				GCC_WARN_ABOUT_RETURN_TYPE = YES_ERROR;
				GCC_WARN_UNDECLARED_SELECTOR = YES;
				GCC_WARN_UNINITIALIZED_AUTOS = YES_AGGRESSIVE;
				GCC_WARN_UNUSED_FUNCTION = YES;
				GCC_WARN_UNUSED_VARIABLE = YES;
				IPHONEOS_DEPLOYMENT_TARGET = 15.2;
				MTL_ENABLE_DEBUG_INFO = INCLUDE_SOURCE;
				MTL_FAST_MATH = YES;
				ONLY_ACTIVE_ARCH = YES;
				SDKROOT = iphoneos;
				SWIFT_ACTIVE_COMPILATION_CONDITIONS = DEBUG;
				SWIFT_OPTIMIZATION_LEVEL = "-Onone";
			};
			name = Debug;
		};
		2CA95864282B6A30001F109D /* Release */ = {
			isa = XCBuildConfiguration;
			buildSettings = {
				ALWAYS_SEARCH_USER_PATHS = NO;
				CLANG_ANALYZER_NONNULL = YES;
				CLANG_ANALYZER_NUMBER_OBJECT_CONVERSION = YES_AGGRESSIVE;
				CLANG_CXX_LANGUAGE_STANDARD = "gnu++17";
				CLANG_ENABLE_MODULES = YES;
				CLANG_ENABLE_OBJC_ARC = YES;
				CLANG_ENABLE_OBJC_WEAK = YES;
				CLANG_WARN_BLOCK_CAPTURE_AUTORELEASING = YES;
				CLANG_WARN_BOOL_CONVERSION = YES;
				CLANG_WARN_COMMA = YES;
				CLANG_WARN_CONSTANT_CONVERSION = YES;
				CLANG_WARN_DEPRECATED_OBJC_IMPLEMENTATIONS = YES;
				CLANG_WARN_DIRECT_OBJC_ISA_USAGE = YES_ERROR;
				CLANG_WARN_DOCUMENTATION_COMMENTS = YES;
				CLANG_WARN_EMPTY_BODY = YES;
				CLANG_WARN_ENUM_CONVERSION = YES;
				CLANG_WARN_INFINITE_RECURSION = YES;
				CLANG_WARN_INT_CONVERSION = YES;
				CLANG_WARN_NON_LITERAL_NULL_CONVERSION = YES;
				CLANG_WARN_OBJC_IMPLICIT_RETAIN_SELF = YES;
				CLANG_WARN_OBJC_LITERAL_CONVERSION = YES;
				CLANG_WARN_OBJC_ROOT_CLASS = YES_ERROR;
				CLANG_WARN_QUOTED_INCLUDE_IN_FRAMEWORK_HEADER = YES;
				CLANG_WARN_RANGE_LOOP_ANALYSIS = YES;
				CLANG_WARN_STRICT_PROTOTYPES = YES;
				CLANG_WARN_SUSPICIOUS_MOVE = YES;
				CLANG_WARN_UNGUARDED_AVAILABILITY = YES_AGGRESSIVE;
				CLANG_WARN_UNREACHABLE_CODE = YES;
				CLANG_WARN__DUPLICATE_METHOD_MATCH = YES;
				COPY_PHASE_STRIP = NO;
				DEBUG_INFORMATION_FORMAT = "dwarf-with-dsym";
				ENABLE_NS_ASSERTIONS = NO;
				ENABLE_STRICT_OBJC_MSGSEND = YES;
				GCC_C_LANGUAGE_STANDARD = gnu11;
				GCC_NO_COMMON_BLOCKS = YES;
				GCC_WARN_64_TO_32_BIT_CONVERSION = YES;
				GCC_WARN_ABOUT_RETURN_TYPE = YES_ERROR;
				GCC_WARN_UNDECLARED_SELECTOR = YES;
				GCC_WARN_UNINITIALIZED_AUTOS = YES_AGGRESSIVE;
				GCC_WARN_UNUSED_FUNCTION = YES;
				GCC_WARN_UNUSED_VARIABLE = YES;
				IPHONEOS_DEPLOYMENT_TARGET = 15.2;
				MTL_ENABLE_DEBUG_INFO = NO;
				MTL_FAST_MATH = YES;
				SDKROOT = iphoneos;
				SWIFT_COMPILATION_MODE = wholemodule;
				SWIFT_OPTIMIZATION_LEVEL = "-O";
				VALIDATE_PRODUCT = YES;
			};
			name = Release;
		};
		2CA95866282B6A30001F109D /* Debug */ = {
			isa = XCBuildConfiguration;
			baseConfigurationReference = 4672FA18016E6731B44B2DF4 /* Pods-ContactsApp.debug.xcconfig */;
			buildSettings = {
				ASSETCATALOG_COMPILER_APPICON_NAME = AppIcon;
				ASSETCATALOG_COMPILER_GLOBAL_ACCENT_COLOR_NAME = AccentColor;
				CODE_SIGN_STYLE = Automatic;
				CURRENT_PROJECT_VERSION = 1;
				DEVELOPMENT_TEAM = 3DDU9EESV6;
				GENERATE_INFOPLIST_FILE = YES;
				INFOPLIST_FILE = ContactsApp/Info.plist;
				INFOPLIST_KEY_UIApplicationSupportsIndirectInputEvents = YES;
				INFOPLIST_KEY_UILaunchStoryboardName = LaunchScreen;
				INFOPLIST_KEY_UIMainStoryboardFile = Main;
				INFOPLIST_KEY_UISupportedInterfaceOrientations_iPad = "UIInterfaceOrientationPortrait UIInterfaceOrientationPortraitUpsideDown UIInterfaceOrientationLandscapeLeft UIInterfaceOrientationLandscapeRight";
				INFOPLIST_KEY_UISupportedInterfaceOrientations_iPhone = "UIInterfaceOrientationPortrait UIInterfaceOrientationLandscapeLeft UIInterfaceOrientationLandscapeRight";
				LD_RUNPATH_SEARCH_PATHS = (
					"$(inherited)",
					"@executable_path/Frameworks",
				);
				MARKETING_VERSION = 1.0;
				PRODUCT_BUNDLE_IDENTIFIER = com.test.ContactsApp;
				PRODUCT_NAME = "$(TARGET_NAME)";
				SWIFT_EMIT_LOC_STRINGS = YES;
				SWIFT_VERSION = 5.0;
				TARGETED_DEVICE_FAMILY = "1,2";
			};
			name = Debug;
		};
		2CA95867282B6A30001F109D /* Release */ = {
			isa = XCBuildConfiguration;
			baseConfigurationReference = 65A24582EF4D0769B0E0E177 /* Pods-ContactsApp.release.xcconfig */;
			buildSettings = {
				ASSETCATALOG_COMPILER_APPICON_NAME = AppIcon;
				ASSETCATALOG_COMPILER_GLOBAL_ACCENT_COLOR_NAME = AccentColor;
				CODE_SIGN_STYLE = Automatic;
				CURRENT_PROJECT_VERSION = 1;
				DEVELOPMENT_TEAM = 3DDU9EESV6;
				GENERATE_INFOPLIST_FILE = YES;
				INFOPLIST_FILE = ContactsApp/Info.plist;
				INFOPLIST_KEY_UIApplicationSupportsIndirectInputEvents = YES;
				INFOPLIST_KEY_UILaunchStoryboardName = LaunchScreen;
				INFOPLIST_KEY_UIMainStoryboardFile = Main;
				INFOPLIST_KEY_UISupportedInterfaceOrientations_iPad = "UIInterfaceOrientationPortrait UIInterfaceOrientationPortraitUpsideDown UIInterfaceOrientationLandscapeLeft UIInterfaceOrientationLandscapeRight";
				INFOPLIST_KEY_UISupportedInterfaceOrientations_iPhone = "UIInterfaceOrientationPortrait UIInterfaceOrientationLandscapeLeft UIInterfaceOrientationLandscapeRight";
				LD_RUNPATH_SEARCH_PATHS = (
					"$(inherited)",
					"@executable_path/Frameworks",
				);
				MARKETING_VERSION = 1.0;
				PRODUCT_BUNDLE_IDENTIFIER = com.test.ContactsApp;
				PRODUCT_NAME = "$(TARGET_NAME)";
				SWIFT_EMIT_LOC_STRINGS = YES;
				SWIFT_VERSION = 5.0;
				TARGETED_DEVICE_FAMILY = "1,2";
			};
			name = Release;
		};
		2CA95869282B6A30001F109D /* Debug */ = {
			isa = XCBuildConfiguration;
			baseConfigurationReference = A98873680B12F028C4F133E8 /* Pods-ContactsAppTests.debug.xcconfig */;
			buildSettings = {
				ALWAYS_EMBED_SWIFT_STANDARD_LIBRARIES = YES;
				BUNDLE_LOADER = "$(TEST_HOST)";
				CODE_SIGN_STYLE = Automatic;
				CURRENT_PROJECT_VERSION = 1;
				DEVELOPMENT_TEAM = 3DDU9EESV6;
				GENERATE_INFOPLIST_FILE = YES;
				IPHONEOS_DEPLOYMENT_TARGET = 15.2;
				MARKETING_VERSION = 1.0;
				PRODUCT_BUNDLE_IDENTIFIER = com.test.ContactsAppTests;
				PRODUCT_NAME = "$(TARGET_NAME)";
				SWIFT_EMIT_LOC_STRINGS = NO;
				SWIFT_VERSION = 5.0;
				TARGETED_DEVICE_FAMILY = "1,2";
				TEST_HOST = "$(BUILT_PRODUCTS_DIR)/ContactsApp.app/ContactsApp";
			};
			name = Debug;
		};
		2CA9586A282B6A30001F109D /* Release */ = {
			isa = XCBuildConfiguration;
			baseConfigurationReference = 4022547EE9853198AA05D8FC /* Pods-ContactsAppTests.release.xcconfig */;
			buildSettings = {
				ALWAYS_EMBED_SWIFT_STANDARD_LIBRARIES = YES;
				BUNDLE_LOADER = "$(TEST_HOST)";
				CODE_SIGN_STYLE = Automatic;
				CURRENT_PROJECT_VERSION = 1;
				DEVELOPMENT_TEAM = 3DDU9EESV6;
				GENERATE_INFOPLIST_FILE = YES;
				IPHONEOS_DEPLOYMENT_TARGET = 15.2;
				MARKETING_VERSION = 1.0;
				PRODUCT_BUNDLE_IDENTIFIER = com.test.ContactsAppTests;
				PRODUCT_NAME = "$(TARGET_NAME)";
				SWIFT_EMIT_LOC_STRINGS = NO;
				SWIFT_VERSION = 5.0;
				TARGETED_DEVICE_FAMILY = "1,2";
				TEST_HOST = "$(BUILT_PRODUCTS_DIR)/ContactsApp.app/ContactsApp";
			};
			name = Release;
		};
		2CA9586C282B6A30001F109D /* Debug */ = {
			isa = XCBuildConfiguration;
			baseConfigurationReference = D53918BB8A5271B56643E4A9 /* Pods-ContactsApp-ContactsAppUITests.debug.xcconfig */;
			buildSettings = {
				ALWAYS_EMBED_SWIFT_STANDARD_LIBRARIES = YES;
				CODE_SIGN_STYLE = Automatic;
				CURRENT_PROJECT_VERSION = 1;
				DEVELOPMENT_TEAM = 3DDU9EESV6;
				GENERATE_INFOPLIST_FILE = YES;
				MARKETING_VERSION = 1.0;
				PRODUCT_BUNDLE_IDENTIFIER = com.test.ContactsAppUITests;
				PRODUCT_NAME = "$(TARGET_NAME)";
				SWIFT_EMIT_LOC_STRINGS = NO;
				SWIFT_VERSION = 5.0;
				TARGETED_DEVICE_FAMILY = "1,2";
				TEST_TARGET_NAME = ContactsApp;
			};
			name = Debug;
		};
		2CA9586D282B6A30001F109D /* Release */ = {
			isa = XCBuildConfiguration;
			baseConfigurationReference = EF8C06A838CCDFEDFDA72A23 /* Pods-ContactsApp-ContactsAppUITests.release.xcconfig */;
			buildSettings = {
				ALWAYS_EMBED_SWIFT_STANDARD_LIBRARIES = YES;
				CODE_SIGN_STYLE = Automatic;
				CURRENT_PROJECT_VERSION = 1;
				DEVELOPMENT_TEAM = 3DDU9EESV6;
				GENERATE_INFOPLIST_FILE = YES;
				MARKETING_VERSION = 1.0;
				PRODUCT_BUNDLE_IDENTIFIER = com.test.ContactsAppUITests;
				PRODUCT_NAME = "$(TARGET_NAME)";
				SWIFT_EMIT_LOC_STRINGS = NO;
				SWIFT_VERSION = 5.0;
				TARGETED_DEVICE_FAMILY = "1,2";
				TEST_TARGET_NAME = ContactsApp;
			};
			name = Release;
		};
/* End XCBuildConfiguration section */

/* Begin XCConfigurationList section */
		2CA95833282B6A2D001F109D /* Build configuration list for PBXProject "ContactsApp" */ = {
			isa = XCConfigurationList;
			buildConfigurations = (
				2CA95863282B6A30001F109D /* Debug */,
				2CA95864282B6A30001F109D /* Release */,
			);
			defaultConfigurationIsVisible = 0;
			defaultConfigurationName = Release;
		};
		2CA95865282B6A30001F109D /* Build configuration list for PBXNativeTarget "ContactsApp" */ = {
			isa = XCConfigurationList;
			buildConfigurations = (
				2CA95866282B6A30001F109D /* Debug */,
				2CA95867282B6A30001F109D /* Release */,
			);
			defaultConfigurationIsVisible = 0;
			defaultConfigurationName = Release;
		};
		2CA95868282B6A30001F109D /* Build configuration list for PBXNativeTarget "ContactsAppTests" */ = {
			isa = XCConfigurationList;
			buildConfigurations = (
				2CA95869282B6A30001F109D /* Debug */,
				2CA9586A282B6A30001F109D /* Release */,
			);
			defaultConfigurationIsVisible = 0;
			defaultConfigurationName = Release;
		};
		2CA9586B282B6A30001F109D /* Build configuration list for PBXNativeTarget "ContactsAppUITests" */ = {
			isa = XCConfigurationList;
			buildConfigurations = (
				2CA9586C282B6A30001F109D /* Debug */,
				2CA9586D282B6A30001F109D /* Release */,
			);
			defaultConfigurationIsVisible = 0;
			defaultConfigurationName = Release;
		};
/* End XCConfigurationList section */

/* Begin XCVersionGroup section */
		2CA95844282B6A2D001F109D /* ContactsApp.xcdatamodeld */ = {
			isa = XCVersionGroup;
			children = (
				2CA95845282B6A2D001F109D /* ContactsApp.xcdatamodel */,
			);
			currentVersion = 2CA95845282B6A2D001F109D /* ContactsApp.xcdatamodel */;
			path = ContactsApp.xcdatamodeld;
			sourceTree = "<group>";
			versionGroupType = wrapper.xcdatamodel;
		};
/* End XCVersionGroup section */
	};
	rootObject = 2CA95830282B6A2D001F109D /* Project object */;
}
